
Microsoft Visual Studio Solution File, Format Version 12.00
# Visual Studio Version 16
VisualStudioVersion = 25.0.1703.7
MinimumVisualStudioVersion = 10.0.40219.1
Project("{FAE04EC0-301F-11D3-BF4B-00C04F79EFBC}") = "NewProjectTemplateWizardSample", "src\NewProjectTemplateWizardSample.csproj", "{07509FEE-6069-491A-927B-8FEFF45CAC51}"
EndProject
Global
	GlobalSection(SolutionConfigurationPlatforms) = preSolution
		Debug|Any CPU = Debug|Any CPU
		Release|Any CPU = Release|Any CPU
	EndGlobalSection
	GlobalSection(ProjectConfigurationPlatforms) = postSolution
		{07509FEE-6069-491A-927B-8FEFF45CAC51}.Debug|Any CPU.ActiveCfg = Debug|Any CPU
		{07509FEE-6069-491A-927B-8FEFF45CAC51}.Debug|Any CPU.Build.0 = Debug|Any CPU
		{07509FEE-6069-491A-927B-8FEFF45CAC51}.Release|Any CPU.ActiveCfg = Release|Any CPU
		{07509FEE-6069-491A-927B-8FEFF45CAC51}.Release|Any CPU.Build.0 = Release|Any CPU
	EndGlobalSection
	GlobalSection(SolutionProperties) = preSolution
		HideSolutionNode = FALSE
	EndGlobalSection
	GlobalSection(ExtensibilityGlobals) = postSolution
		SolutionGuid = {080D064E-D149-41F1-AA67-D00696F67927}
	EndGlobalSection
EndGlobal
