
Microsoft Visual Studio Solution File, Format Version 12.00
# Visual Studio Version 16
VisualStudioVersion = 25.0.1703.7
MinimumVisualStudioVersion = 10.0.40219.1
Project("{FAE04EC0-301F-11D3-BF4B-00C04F79EFBC}") = "StartupHandlerSample", "src\StartupHandlerSample.csproj", "{3CCD090D-46F1-49CF-82AC-6C866CDFD1F1}"
EndProject
Global
	GlobalSection(SolutionConfigurationPlatforms) = preSolution
		Debug|Any CPU = Debug|Any CPU
		Release|Any CPU = Release|Any CPU
	EndGlobalSection
	GlobalSection(ProjectConfigurationPlatforms) = postSolution
		{3CCD090D-46F1-49CF-82AC-6C866CDFD1F1}.Debug|Any CPU.ActiveCfg = Debug|Any CPU
		{3CCD090D-46F1-49CF-82AC-6C866CDFD1F1}.Debug|Any CPU.Build.0 = Debug|Any CPU
		{3CCD090D-46F1-49CF-82AC-6C866CDFD1F1}.Release|Any CPU.ActiveCfg = Release|Any CPU
		{3CCD090D-46F1-49CF-82AC-6C866CDFD1F1}.Release|Any CPU.Build.0 = Release|Any CPU
	EndGlobalSection
	GlobalSection(SolutionProperties) = preSolution
		HideSolutionNode = FALSE
	EndGlobalSection
	GlobalSection(ExtensibilityGlobals) = postSolution
		SolutionGuid = {2EB42B69-EC16-4EDE-9626-383454F6C6CE}
	EndGlobalSection
EndGlobal
